
Microsoft Visual Studio Solution File, Format Version 12.00
# Visual Studio Version 17
VisualStudioVersion = 17.4.33110.190
MinimumVisualStudioVersion = 10.0.40219.1
Project("{9A19103F-16F7-4668-BE54-9A1E7A4F7556}") = "Web", "Web\Web.csproj", "{6B9EC549-A0B3-4BC0-B303-7CCAB11C9E28}"
EndProject
Project("{9A19103F-16F7-4668-BE54-9A1E7A4F7556}") = "Database", "Database\Database.csproj", "{9C2E8126-F1B9-4486-8229-1A4A7A66C6A4}"
EndProject
Project("{9A19103F-16F7-4668-BE54-9A1E7A4F7556}") = "Logic", "Logic\Logic.csproj", "{34F49428-2466-47D1-BE4F-27A564D699D7}"
EndProject
Project("{2150E333-8FDC-42A3-9474-1A3956D46DE8}") = "Solution Items", "Solution Items", "{75476D01-8C7D-4D5E-AB94-1B4EFE78A783}"
	ProjectSection(SolutionItems) = preProject
		.dockerignore = .dockerignore
		Web\Dockerfile = Web\Dockerfile
	EndProjectSection
EndProject
Project("{9A19103F-16F7-4668-BE54-9A1E7A4F7556}") = "WebFront", "..\..\..\source\repos\DiplomaWithFront\DiplomaWithFront\WebFront.csproj", "{7D7816BD-4E2D-4E88-8C9C-3393889A68D9}"
EndProject
Global
	GlobalSection(SolutionConfigurationPlatforms) = preSolution
		Debug|Any CPU = Debug|Any CPU
		Release|Any CPU = Release|Any CPU
	EndGlobalSection
	GlobalSection(ProjectConfigurationPlatforms) = postSolution
		{6B9EC549-A0B3-4BC0-B303-7CCAB11C9E28}.Debug|Any CPU.ActiveCfg = Debug|Any CPU
		{6B9EC549-A0B3-4BC0-B303-7CCAB11C9E28}.Debug|Any CPU.Build.0 = Debug|Any CPU
		{6B9EC549-A0B3-4BC0-B303-7CCAB11C9E28}.Release|Any CPU.ActiveCfg = Release|Any CPU
		{6B9EC549-A0B3-4BC0-B303-7CCAB11C9E28}.Release|Any CPU.Build.0 = Release|Any CPU
		{9C2E8126-F1B9-4486-8229-1A4A7A66C6A4}.Debug|Any CPU.ActiveCfg = Debug|Any CPU
		{9C2E8126-F1B9-4486-8229-1A4A7A66C6A4}.Debug|Any CPU.Build.0 = Debug|Any CPU
		{9C2E8126-F1B9-4486-8229-1A4A7A66C6A4}.Release|Any CPU.ActiveCfg = Release|Any CPU
		{9C2E8126-F1B9-4486-8229-1A4A7A66C6A4}.Release|Any CPU.Build.0 = Release|Any CPU
		{34F49428-2466-47D1-BE4F-27A564D699D7}.Debug|Any CPU.ActiveCfg = Debug|Any CPU
		{34F49428-2466-47D1-BE4F-27A564D699D7}.Debug|Any CPU.Build.0 = Debug|Any CPU
		{34F49428-2466-47D1-BE4F-27A564D699D7}.Release|Any CPU.ActiveCfg = Release|Any CPU
		{34F49428-2466-47D1-BE4F-27A564D699D7}.Release|Any CPU.Build.0 = Release|Any CPU
		{7D7816BD-4E2D-4E88-8C9C-3393889A68D9}.Debug|Any CPU.ActiveCfg = Debug|Any CPU
		{7D7816BD-4E2D-4E88-8C9C-3393889A68D9}.Debug|Any CPU.Build.0 = Debug|Any CPU
		{7D7816BD-4E2D-4E88-8C9C-3393889A68D9}.Release|Any CPU.ActiveCfg = Release|Any CPU
		{7D7816BD-4E2D-4E88-8C9C-3393889A68D9}.Release|Any CPU.Build.0 = Release|Any CPU
	EndGlobalSection
	GlobalSection(SolutionProperties) = preSolution
		HideSolutionNode = FALSE
	EndGlobalSection
	GlobalSection(ExtensibilityGlobals) = postSolution
		SolutionGuid = {73C50CF9-3923-4ACA-90F1-D779EA4517F2}
	EndGlobalSection
EndGlobal
